{
  "name": "zeko-action-state",
  "version": "0.1.0",
  "lockfileVersion": 3,
  "requires": true,
  "packages": {
    "": {
      "name": "zeko-action-state",
      "version": "0.1.0",
      "dependencies": {
        "o1js": "^2.14.0"
      },
      "devDependencies": {
        "typescript": "^5.6.3"
      }
    },
    "node_modules/@noble/hashes": {
      "version": "1.8.0",
      "resolved": "https://registry.npmjs.org/@noble/hashes/-/hashes-1.8.0.tgz",
      "integrity": "sha512-jCs9ldd7NwzpgXDIf6P3+NrHh9/sD6CQdxHyjQI+h/6rDNo88ypBxxz45UDuZHz9r3tNz7N/VInSVoVdtXEI4A==",
      "license": "MIT",
      "engines": {
        "node": "^14.21.3 || >=16"
      },
      "funding": {
        "url": "https://paulmillr.com/funding/"
      }
    },
    "node_modules/@o1js/native": {
      "version": "2.15.0",
      "resolved": "https://registry.npmjs.org/@o1js/native/-/native-2.15.0.tgz",
      "integrity": "sha512-te/piape+Nn9bgctqZk1ARnBMilKwq+IkWT4Z4jKh3HNuGj/Z5rngVGMRAPzJzxyjQEh7Dm+/BN6M9D6VY0kdw==",
      "optional": true,
      "optionalDependencies": {
        "@o1js/native-darwin-arm64": "2.15.0",
        "@o1js/native-darwin-x64": "2.15.0",
        "@o1js/native-linux-arm64": "2.15.0",
        "@o1js/native-linux-x64": "2.15.0",
        "@o1js/native-win32-x64": "2.15.0"
      }
    },
    "node_modules/@o1js/native-darwin-arm64": {
      "version": "2.15.0",
      "resolved": "https://registry.npmjs.org/@o1js/native-darwin-arm64/-/native-darwin-arm64-2.15.0.tgz",
      "integrity": "sha512-4S1hf6Z6KLI1ITnbecMS6y3q3D+IqIGjF9vC5xSHQETUGPS0IFbWGUwai/52RIfH65eXBK5MXWYwwAlc6rcz5g==",
      "cpu": [
        "arm64"
      ],
      "optional": true,
      "os": [
        "darwin"
      ]
    },
    "node_modules/@o1js/native-darwin-x64": {
      "version": "2.15.0",
      "resolved": "https://registry.npmjs.org/@o1js/native-darwin-x64/-/native-darwin-x64-2.15.0.tgz",
      "integrity": "sha512-zsCvwBJK3j9yDcfpdK0QypaQKTRFnQTmCH989JEYr61yqFQ5Uxz03oEVkCU02p2+w2bZzKWIy/7rTTAVaCiYqg==",
      "cpu": [
        "x64"
      ],
      "optional": true,
      "os": [
        "darwin"
      ]
    },
    "node_modules/@o1js/native-linux-arm64": {
      "version": "2.15.0",
      "resolved": "https://registry.npmjs.org/@o1js/native-linux-arm64/-/native-linux-arm64-2.15.0.tgz",
      "integrity": "sha512-Fa1tWgvrZSCDpJ2c4rHZKnfhxpZc/XkqGNVW5gDocr6FArSpWyEyKn0tPJJKtDUIzkUCozjxnFO8EWws0HJ6MA==",
      "cpu": [
        "arm64"
      ],
      "optional": true,
      "os": [
        "linux"
      ]
    },
    "node_modules/@o1js/native-linux-x64": {
      "version": "2.15.0",
      "resolved": "https://registry.npmjs.org/@o1js/native-linux-x64/-/native-linux-x64-2.15.0.tgz",
      "integrity": "sha512-D2Z3NBb7mtehYRzPPlCT+m4/ojJYyo0MJc/9f0MtwIXIlTRL1jVBg6qH8TQdIK5j3LYlFuAhjDqaWfjAxQGwMA==",
      "cpu": [
        "x64"
      ],
      "optional": true,
      "os": [
        "linux"
      ]
    },
    "node_modules/@o1js/native/node_modules/@o1js/native-win32-x64": {
      "optional": true
    },
    "node_modules/blakejs": {
      "version": "1.2.1",
      "resolved": "https://registry.npmjs.org/blakejs/-/blakejs-1.2.1.tgz",
      "integrity": "sha512-QXUSXI3QVc/gJME0dBpXrag1kbzOqCjCX8/b54ntNyW6sjtoqxqRk3LTmXzaJoh71zMsDCjM+47jS7XiwN/+fQ==",
      "license": "MIT"
    },
    "node_modules/cachedir": {
      "version": "2.4.0",
      "resolved": "https://registry.npmjs.org/cachedir/-/cachedir-2.4.0.tgz",
      "integrity": "sha512-9EtFOZR8g22CL7BWjJ9BUx1+A/djkofnyW3aOXZORNW2kxoUpx2h+uN2cOqwPmFhnpVmxg+KW2OjOSgChTEvsQ==",
      "license": "MIT",
      "engines": {
        "node": ">=6"
      }
    },
    "node_modules/error-stack-parser": {
      "version": "2.1.4",
      "resolved": "https://registry.npmjs.org/error-stack-parser/-/error-stack-parser-2.1.4.tgz",
      "integrity": "sha512-Sk5V6wVazPhq5MhpO+AUxJn5x7XSXGl1R93Vn7i+zS15KDVxQijejNCrz8340/2bgLBjR9GtEG8ZVKONDjcqGQ==",
      "license": "MIT",
      "dependencies": {
        "stackframe": "^1.3.4"
      }
    },
    "node_modules/libsodium-sumo": {
      "version": "0.7.16",
      "resolved": "https://registry.npmjs.org/libsodium-sumo/-/libsodium-sumo-0.7.16.tgz",
      "integrity": "sha512-x6atrz2AdXCJg6G709x9W9TTJRI6/0NcL5dD0l5GGVqNE48UJmDsjO4RUWYTeyXXUpg+NXZ2SHECaZnFRYzwGA==",
      "license": "ISC"
    },
    "node_modules/libsodium-wrappers-sumo": {
      "version": "0.7.16",
      "resolved": "https://registry.npmjs.org/libsodium-wrappers-sumo/-/libsodium-wrappers-sumo-0.7.16.tgz",
      "integrity": "sha512-gR0JEFPeN3831lB9+ogooQk0KH4K5LSMIO5Prd5Q5XYR2wHFtZfPg0eP7t1oJIWq+UIzlU4WVeBxZ97mt28tXw==",
      "license": "ISC",
      "dependencies": {
        "libsodium-sumo": "^0.7.16"
      }
    },
    "node_modules/o1js": {
      "version": "2.15.0",
      "resolved": "https://registry.npmjs.org/o1js/-/o1js-2.15.0.tgz",
      "integrity": "sha512-Jre/zfmqtgraEJGjTDykWjN+sgnMS2OFd3AzIcJJ05MSm5BVYW0HEq3MOr191vj3jD1AbSF7TcOH44RSjbAU+A==",
      "license": "Apache-2.0",
      "dependencies": {
        "@noble/hashes": "^1.7.1",
        "blakejs": "1.2.1",
        "cachedir": "^2.4.0",
        "libsodium-wrappers-sumo": "^0.7.15",
        "reflect-metadata": "^0.1.13",
        "stacktrace-js": "^2.0.2",
        "tslib": "^2.3.0"
      },
      "bin": {
        "snarky-run": "src/build/run.js"
      },
      "engines": {
        "node": ">=18.14.0"
      },
      "optionalDependencies": {
        "@o1js/native": "2.15.0"
      }
    },
    "node_modules/reflect-metadata": {
      "version": "0.1.14",
      "resolved": "https://registry.npmjs.org/reflect-metadata/-/reflect-metadata-0.1.14.tgz",
      "integrity": "sha512-ZhYeb6nRaXCfhnndflDK8qI6ZQ/YcWZCISRAWICW9XYqMUwjZM9Z0DveWX/ABN01oxSHwVxKQmxeYZSsm0jh5A==",
      "license": "Apache-2.0"
    },
    "node_modules/source-map": {
      "version": "0.5.6",
      "resolved": "https://registry.npmjs.org/source-map/-/source-map-0.5.6.tgz",
      "integrity": "sha512-MjZkVp0NHr5+TPihLcadqnlVoGIoWo4IBHptutGh9wI3ttUYvCG26HkSuDi+K6lsZ25syXJXcctwgyVCt//xqA==",
      "license": "BSD-3-Clause",
      "engines": {
        "node": ">=0.10.0"
      }
    },
    "node_modules/stack-generator": {
      "version": "2.0.10",
      "resolved": "https://registry.npmjs.org/stack-generator/-/stack-generator-2.0.10.tgz",
      "integrity": "sha512-mwnua/hkqM6pF4k8SnmZ2zfETsRUpWXREfA/goT8SLCV4iOFa4bzOX2nDipWAZFPTjLvQB82f5yaodMVhK0yJQ==",
      "license": "MIT",
      "dependencies": {
        "stackframe": "^1.3.4"
      }
    },
    "node_modules/stackframe": {
      "version": "1.3.4",
      "resolved": "https://registry.npmjs.org/stackframe/-/stackframe-1.3.4.tgz",
      "integrity": "sha512-oeVtt7eWQS+Na6F//S4kJ2K2VbRlS9D43mAlMyVpVWovy9o+jfgH8O9agzANzaiLjclA0oYzUXEM4PurhSUChw==",
      "license": "MIT"
    },
    "node_modules/stacktrace-gps": {
      "version": "3.1.2",
      "resolved": "https://registry.npmjs.org/stacktrace-gps/-/stacktrace-gps-3.1.2.tgz",
      "integrity": "sha512-GcUgbO4Jsqqg6RxfyTHFiPxdPqF+3LFmQhm7MgCuYQOYuWyqxo5pwRPz5d/u6/WYJdEnWfK4r+jGbyD8TSggXQ==",
      "license": "MIT",
      "dependencies": {
        "source-map": "0.5.6",
        "stackframe": "^1.3.4"
      }
    },
    "node_modules/stacktrace-js": {
      "version": "2.0.2",
      "resolved": "https://registry.npmjs.org/stacktrace-js/-/stacktrace-js-2.0.2.tgz",
      "integrity": "sha512-Je5vBeY4S1r/RnLydLl0TBTi3F2qdfWmYsGvtfZgEI+SCprPppaIhQf5nGcal4gI4cGpCV/duLcAzT1np6sQqg==",
      "license": "MIT",
      "dependencies": {
        "error-stack-parser": "^2.0.6",
        "stack-generator": "^2.0.5",
        "stacktrace-gps": "^3.0.4"
      }
    },
    "node_modules/tslib": {
      "version": "2.8.1",
      "resolved": "https://registry.npmjs.org/tslib/-/tslib-2.8.1.tgz",
      "integrity": "sha512-oJFu94HQb+KVduSUQL7wnpmqnfmLsOA/nAh6b6EH0wCEoK0/mPeXU6c3wKDV83MkOuHPRHtSXKKU99IBazS/2w==",
      "license": "0BSD"
    },
    "node_modules/typescript": {
      "version": "5.9.3",
      "resolved": "https://registry.npmjs.org/typescript/-/typescript-5.9.3.tgz",
      "integrity": "sha512-jl1vZzPDinLr9eUt3J/t7V6FgNEw9QjvBPdysz9KfQDD41fQrC2Y4vKQdiaUpFT4bXlb1RHhLpp8wtm6M5TgSw==",
      "dev": true,
      "license": "Apache-2.0",
      "bin": {
        "tsc": "bin/tsc",
        "tsserver": "bin/tsserver"
      },
      "engines": {
        "node": ">=14.17"
      }
    }
  }
}
